Microsoft Visual Studio Solution File, Format Version 12.00
# Visual Studio Version 17
VisualStudioVersion = 17.5.2.0
MinimumVisualStudioVersion = 10.0.40219.1
Project("{FAE04EC0-301F-11D3-BF4B-00C04F79EFBC}") = "BlogoSphere", "BlogoSphere.csproj", "{60ED7124-4A6C-43BE-1C47-6BC72A48915F}"
EndProject
Global
	GlobalSection(SolutionConfigurationPlatforms) = preSolution
		Debug|Any CPU = Debug|Any CPU
		Release|Any CPU = Release|Any CPU
	EndGlobalSection
	GlobalSection(ProjectConfigurationPlatforms) = postSolution
		{60ED7124-4A6C-43BE-1C47-6BC72A48915F}.Debug|Any CPU.ActiveCfg = Debug|Any CPU
		{60ED7124-4A6C-43BE-1C47-6BC72A48915F}.Debug|Any CPU.Build.0 = Debug|Any CPU
		{60ED7124-4A6C-43BE-1C47-6BC72A48915F}.Release|Any CPU.ActiveCfg = Release|Any CPU
		{60ED7124-4A6C-43BE-1C47-6BC72A48915F}.Release|Any CPU.Build.0 = Release|Any CPU
	EndGlobalSection
	GlobalSection(SolutionProperties) = preSolution
		HideSolutionNode = FALSE
	EndGlobalSection
	GlobalSection(ExtensibilityGlobals) = postSolution
		SolutionGuid = {24C69B66-CA0E-4A19-BD3D-C85CD7A30FE3}
	EndGlobalSection
EndGlobal
